
Microsoft Visual Studio Solution File, Format Version 12.00
# Visual Studio Version 17
VisualStudioVersion = 17.4.33122.133
MinimumVisualStudioVersion = 10.0.40219.1
Project("{2150E333-8FDC-42A3-9474-1A3956D46DE8}") = "Frontends", "Frontends", "{369555E1-828E-41FA-AB08-E3DD07ED06CA}"
EndProject
Project("{2150E333-8FDC-42A3-9474-1A3956D46DE8}") = "Gateways", "Gateways", "{8A0E88AF-D1F1-4FD8-BE31-CBC220962AB3}"
EndProject
Project("{2150E333-8FDC-42A3-9474-1A3956D46DE8}") = "Services", "Services", "{4A7E1F66-E6D5-4913-AE25-FADEF2DD7334}"
EndProject
Project("{2150E333-8FDC-42A3-9474-1A3956D46DE8}") = "Shared", "Shared", "{FC695E01-EFBC-4D2F-8FAC-3A3DCA40CC21}"
EndProject
Project("{2150E333-8FDC-42A3-9474-1A3956D46DE8}") = "Solution Items", "Solution Items", "{748B03A7-4258-458C-B1FD-0EB4C8DD9118}"
	ProjectSection(SolutionItems) = preProject
		Ports.txt = Ports.txt
	EndProjectSection
EndProject
Project("{2150E333-8FDC-42A3-9474-1A3956D46DE8}") = "IdentityServer", "IdentityServer", "{0B880F5D-2EC2-42D3-9BE8-A4013CB15566}"
EndProject
Project("{9A19103F-16F7-4668-BE54-9A1E7A4F7556}") = "YellowPagesReportService", "Services\YellowPagesReportService\YellowPagesReportService.csproj", "{988FC19E-9291-4F1E-A7A7-03C5E5442F06}"
EndProject
Project("{9A19103F-16F7-4668-BE54-9A1E7A4F7556}") = "YellowPagesService", "Services\YellowPages\YellowPagesService\YellowPagesService.csproj", "{079E42F0-735B-4B22-B59B-397EA6297694}"
EndProject
Project("{9A19103F-16F7-4668-BE54-9A1E7A4F7556}") = "YellowPages.Shared", "Shared\YellowPages.Shared\YellowPages.Shared\YellowPages.Shared.csproj", "{E5BBA1AB-4A34-4146-B166-700E8E71241F}"
EndProject
Project("{9A19103F-16F7-4668-BE54-9A1E7A4F7556}") = "WebGateway", "Gateways\WebGateway\WebGateway.csproj", "{797D9E59-1483-4B25-9449-E61812AB3BA2}"
EndProject
Project("{9A19103F-16F7-4668-BE54-9A1E7A4F7556}") = "IdentityServer", "IdentityServer\IdentityServer.csproj", "{D59E6FBB-8100-4F73-AE87-297A98912F63}"
EndProject
Project("{9A19103F-16F7-4668-BE54-9A1E7A4F7556}") = "YellowPagesUI.Business", "..\..\yellowpageprivate\YellowPagesSolution\Frontends\YellowPagesUI.Business\YellowPagesUI.Business.csproj", "{7EB49FF3-E951-43DD-B782-7F279D6F3EBF}"
EndProject
Project("{9A19103F-16F7-4668-BE54-9A1E7A4F7556}") = "YellowPagesReportService.Business", "..\..\yellowpageprivate\YellowPagesSolution\Services\YellowPagesReportService.Business\YellowPagesReportService.Business.csproj", "{AF05454F-370E-4BC3-B7EB-ED293A41C12E}"
EndProject
Project("{9A19103F-16F7-4668-BE54-9A1E7A4F7556}") = "YellowPagesService.Business", "..\..\yellowpageprivate\YellowPagesSolution\Services\YellowPagesService.Business\YellowPagesService.Business.csproj", "{429E693E-17A0-4EF0-8935-7E75BD40E541}"
EndProject
Project("{9A19103F-16F7-4668-BE54-9A1E7A4F7556}") = "YellowPages.Data", "Shared\YellowPages.Data\YellowPages.Data.csproj", "{F4F1119C-289D-42D0-8C48-EF7EE177C6D4}"
EndProject
Project("{9A19103F-16F7-4668-BE54-9A1E7A4F7556}") = "YellowPagesUI", "Frontends\YellowPagesUI\YellowPagesUI.csproj", "{8244342D-4D2D-4E23-B436-E00A50158682}"
EndProject
Global
	GlobalSection(SolutionConfigurationPlatforms) = preSolution
		Debug|Any CPU = Debug|Any CPU
		Release|Any CPU = Release|Any CPU
	EndGlobalSection
	GlobalSection(ProjectConfigurationPlatforms) = postSolution
		{988FC19E-9291-4F1E-A7A7-03C5E5442F06}.Debug|Any CPU.ActiveCfg = Debug|Any CPU
		{988FC19E-9291-4F1E-A7A7-03C5E5442F06}.Debug|Any CPU.Build.0 = Debug|Any CPU
		{988FC19E-9291-4F1E-A7A7-03C5E5442F06}.Release|Any CPU.ActiveCfg = Release|Any CPU
		{988FC19E-9291-4F1E-A7A7-03C5E5442F06}.Release|Any CPU.Build.0 = Release|Any CPU
		{079E42F0-735B-4B22-B59B-397EA6297694}.Debug|Any CPU.ActiveCfg = Debug|Any CPU
		{079E42F0-735B-4B22-B59B-397EA6297694}.Debug|Any CPU.Build.0 = Debug|Any CPU
		{079E42F0-735B-4B22-B59B-397EA6297694}.Release|Any CPU.ActiveCfg = Release|Any CPU
		{079E42F0-735B-4B22-B59B-397EA6297694}.Release|Any CPU.Build.0 = Release|Any CPU
		{E5BBA1AB-4A34-4146-B166-700E8E71241F}.Debug|Any CPU.ActiveCfg = Debug|Any CPU
		{E5BBA1AB-4A34-4146-B166-700E8E71241F}.Debug|Any CPU.Build.0 = Debug|Any CPU
		{E5BBA1AB-4A34-4146-B166-700E8E71241F}.Release|Any CPU.ActiveCfg = Release|Any CPU
		{E5BBA1AB-4A34-4146-B166-700E8E71241F}.Release|Any CPU.Build.0 = Release|Any CPU
		{797D9E59-1483-4B25-9449-E61812AB3BA2}.Debug|Any CPU.ActiveCfg = Debug|Any CPU
		{797D9E59-1483-4B25-9449-E61812AB3BA2}.Debug|Any CPU.Build.0 = Debug|Any CPU
		{797D9E59-1483-4B25-9449-E61812AB3BA2}.Release|Any CPU.ActiveCfg = Release|Any CPU
		{797D9E59-1483-4B25-9449-E61812AB3BA2}.Release|Any CPU.Build.0 = Release|Any CPU
		{D59E6FBB-8100-4F73-AE87-297A98912F63}.Debug|Any CPU.ActiveCfg = Debug|Any CPU
		{D59E6FBB-8100-4F73-AE87-297A98912F63}.Debug|Any CPU.Build.0 = Debug|Any CPU
		{D59E6FBB-8100-4F73-AE87-297A98912F63}.Release|Any CPU.ActiveCfg = Release|Any CPU
		{D59E6FBB-8100-4F73-AE87-297A98912F63}.Release|Any CPU.Build.0 = Release|Any CPU
		{7EB49FF3-E951-43DD-B782-7F279D6F3EBF}.Debug|Any CPU.ActiveCfg = Debug|Any CPU
		{7EB49FF3-E951-43DD-B782-7F279D6F3EBF}.Debug|Any CPU.Build.0 = Debug|Any CPU
		{7EB49FF3-E951-43DD-B782-7F279D6F3EBF}.Release|Any CPU.ActiveCfg = Release|Any CPU
		{7EB49FF3-E951-43DD-B782-7F279D6F3EBF}.Release|Any CPU.Build.0 = Release|Any CPU
		{AF05454F-370E-4BC3-B7EB-ED293A41C12E}.Debug|Any CPU.ActiveCfg = Debug|Any CPU
		{AF05454F-370E-4BC3-B7EB-ED293A41C12E}.Debug|Any CPU.Build.0 = Debug|Any CPU
		{AF05454F-370E-4BC3-B7EB-ED293A41C12E}.Release|Any CPU.ActiveCfg = Release|Any CPU
		{AF05454F-370E-4BC3-B7EB-ED293A41C12E}.Release|Any CPU.Build.0 = Release|Any CPU
		{429E693E-17A0-4EF0-8935-7E75BD40E541}.Debug|Any CPU.ActiveCfg = Debug|Any CPU
		{429E693E-17A0-4EF0-8935-7E75BD40E541}.Debug|Any CPU.Build.0 = Debug|Any CPU
		{429E693E-17A0-4EF0-8935-7E75BD40E541}.Release|Any CPU.ActiveCfg = Release|Any CPU
		{429E693E-17A0-4EF0-8935-7E75BD40E541}.Release|Any CPU.Build.0 = Release|Any CPU
		{F4F1119C-289D-42D0-8C48-EF7EE177C6D4}.Debug|Any CPU.ActiveCfg = Debug|Any CPU
		{F4F1119C-289D-42D0-8C48-EF7EE177C6D4}.Debug|Any CPU.Build.0 = Debug|Any CPU
		{F4F1119C-289D-42D0-8C48-EF7EE177C6D4}.Release|Any CPU.ActiveCfg = Release|Any CPU
		{F4F1119C-289D-42D0-8C48-EF7EE177C6D4}.Release|Any CPU.Build.0 = Release|Any CPU
		{8244342D-4D2D-4E23-B436-E00A50158682}.Debug|Any CPU.ActiveCfg = Debug|Any CPU
		{8244342D-4D2D-4E23-B436-E00A50158682}.Debug|Any CPU.Build.0 = Debug|Any CPU
		{8244342D-4D2D-4E23-B436-E00A50158682}.Release|Any CPU.ActiveCfg = Release|Any CPU
		{8244342D-4D2D-4E23-B436-E00A50158682}.Release|Any CPU.Build.0 = Release|Any CPU
	EndGlobalSection
	GlobalSection(SolutionProperties) = preSolution
		HideSolutionNode = FALSE
	EndGlobalSection
	GlobalSection(NestedProjects) = preSolution
		{988FC19E-9291-4F1E-A7A7-03C5E5442F06} = {4A7E1F66-E6D5-4913-AE25-FADEF2DD7334}
		{079E42F0-735B-4B22-B59B-397EA6297694} = {4A7E1F66-E6D5-4913-AE25-FADEF2DD7334}
		{E5BBA1AB-4A34-4146-B166-700E8E71241F} = {FC695E01-EFBC-4D2F-8FAC-3A3DCA40CC21}
		{797D9E59-1483-4B25-9449-E61812AB3BA2} = {8A0E88AF-D1F1-4FD8-BE31-CBC220962AB3}
		{D59E6FBB-8100-4F73-AE87-297A98912F63} = {0B880F5D-2EC2-42D3-9BE8-A4013CB15566}
		{7EB49FF3-E951-43DD-B782-7F279D6F3EBF} = {369555E1-828E-41FA-AB08-E3DD07ED06CA}
		{AF05454F-370E-4BC3-B7EB-ED293A41C12E} = {4A7E1F66-E6D5-4913-AE25-FADEF2DD7334}
		{429E693E-17A0-4EF0-8935-7E75BD40E541} = {4A7E1F66-E6D5-4913-AE25-FADEF2DD7334}
		{F4F1119C-289D-42D0-8C48-EF7EE177C6D4} = {FC695E01-EFBC-4D2F-8FAC-3A3DCA40CC21}
		{8244342D-4D2D-4E23-B436-E00A50158682} = {369555E1-828E-41FA-AB08-E3DD07ED06CA}
	EndGlobalSection
	GlobalSection(ExtensibilityGlobals) = postSolution
		SolutionGuid = {7BBAFB75-FBCE-4CF5-85D3-07AE41E4A6A3}
	EndGlobalSection
EndGlobal
